
Microsoft Visual Studio Solution File, Format Version 12.00
# Visual Studio Version 16
VisualStudioVersion = 16.0.29503.13
MinimumVisualStudioVersion = 10.0.40219.1
Project("{FAE04EC0-301F-11D3-BF4B-00C04F79EFBC}") = "ClassBoxData", "ClassBoxData\ClassBoxData.csproj", "{F1FA0E44-B234-439D-96D6-899F3F0C00DE}"
EndProject
Project("{FAE04EC0-301F-11D3-BF4B-00C04F79EFBC}") = "AnimalFarm", "AnimalFarm\AnimalFarm.csproj", "{53CA17E7-67E6-4CB0-B670-16A110EF39A2}"
EndProject
Project("{FAE04EC0-301F-11D3-BF4B-00C04F79EFBC}") = "ShoppingSpree", "ShoppingSpree\ShoppingSpree.csproj", "{BDDDD742-4B8B-4F5C-839E-98441A2188E6}"
EndProject
Project("{FAE04EC0-301F-11D3-BF4B-00C04F79EFBC}") = "PizzaCalories", "PizzaCalories\PizzaCalories.csproj", "{FB3B11FE-56D1-4A60-ABF6-026B51348B81}"
EndProject
Project("{FAE04EC0-301F-11D3-BF4B-00C04F79EFBC}") = "FootballTeamGenerator", "FootballTeamGenerator\FootballTeamGenerator.csproj", "{DE04516E-34BD-488E-A4C2-C819A93284EB}"
EndProject
Global
	GlobalSection(SolutionConfigurationPlatforms) = preSolution
		Debug|Any CPU = Debug|Any CPU
		Release|Any CPU = Release|Any CPU
	EndGlobalSection
	GlobalSection(ProjectConfigurationPlatforms) = postSolution
		{F1FA0E44-B234-439D-96D6-899F3F0C00DE}.Debug|Any CPU.ActiveCfg = Debug|Any CPU
		{F1FA0E44-B234-439D-96D6-899F3F0C00DE}.Debug|Any CPU.Build.0 = Debug|Any CPU
		{F1FA0E44-B234-439D-96D6-899F3F0C00DE}.Release|Any CPU.ActiveCfg = Release|Any CPU
		{F1FA0E44-B234-439D-96D6-899F3F0C00DE}.Release|Any CPU.Build.0 = Release|Any CPU
		{53CA17E7-67E6-4CB0-B670-16A110EF39A2}.Debug|Any CPU.ActiveCfg = Debug|Any CPU
		{53CA17E7-67E6-4CB0-B670-16A110EF39A2}.Debug|Any CPU.Build.0 = Debug|Any CPU
		{53CA17E7-67E6-4CB0-B670-16A110EF39A2}.Release|Any CPU.ActiveCfg = Release|Any CPU
		{53CA17E7-67E6-4CB0-B670-16A110EF39A2}.Release|Any CPU.Build.0 = Release|Any CPU
		{BDDDD742-4B8B-4F5C-839E-98441A2188E6}.Debug|Any CPU.ActiveCfg = Debug|Any CPU
		{BDDDD742-4B8B-4F5C-839E-98441A2188E6}.Debug|Any CPU.Build.0 = Debug|Any CPU
		{BDDDD742-4B8B-4F5C-839E-98441A2188E6}.Release|Any CPU.ActiveCfg = Release|Any CPU
		{BDDDD742-4B8B-4F5C-839E-98441A2188E6}.Release|Any CPU.Build.0 = Release|Any CPU
		{FB3B11FE-56D1-4A60-ABF6-026B51348B81}.Debug|Any CPU.ActiveCfg = Debug|Any CPU
		{FB3B11FE-56D1-4A60-ABF6-026B51348B81}.Debug|Any CPU.Build.0 = Debug|Any CPU
		{FB3B11FE-56D1-4A60-ABF6-026B51348B81}.Release|Any CPU.ActiveCfg = Release|Any CPU
		{FB3B11FE-56D1-4A60-ABF6-026B51348B81}.Release|Any CPU.Build.0 = Release|Any CPU
		{DE04516E-34BD-488E-A4C2-C819A93284EB}.Debug|Any CPU.ActiveCfg = Debug|Any CPU
		{DE04516E-34BD-488E-A4C2-C819A93284EB}.Debug|Any CPU.Build.0 = Debug|Any CPU
		{DE04516E-34BD-488E-A4C2-C819A93284EB}.Release|Any CPU.ActiveCfg = Release|Any CPU
		{DE04516E-34BD-488E-A4C2-C819A93284EB}.Release|Any CPU.Build.0 = Release|Any CPU
	EndGlobalSection
	GlobalSection(SolutionProperties) = preSolution
		HideSolutionNode = FALSE
	EndGlobalSection
	GlobalSection(ExtensibilityGlobals) = postSolution
		SolutionGuid = {4D7778C3-9710-439D-9DFE-74A20F833EAF}
	EndGlobalSection
EndGlobal
